
Microsoft Visual Studio Solution File, Format Version 12.00
# Visual Studio 15
VisualStudioVersion = 15.0.28307.329
MinimumVisualStudioVersion = 10.0.40219.1
Project("{FAE04EC0-301F-11D3-BF4B-00C04F79EFBC}") = "RSACryptography", "RSACryptography.csproj", "{934AA89B-E11C-424F-82E0-68C1BF526C99}"
EndProject
Project("{FAE04EC0-301F-11D3-BF4B-00C04F79EFBC}") = "RSACryptographyDemo", "..\RSACryptographyDemo\RSACryptographyDemo.csproj", "{B0890AA1-D92A-448F-95AA-24B630FA31E4}"
EndProject
Global
	GlobalSection(SolutionConfigurationPlatforms) = preSolution
		Debug|Any CPU = Debug|Any CPU
		Release|Any CPU = Release|Any CPU
	EndGlobalSection
	GlobalSection(ProjectConfigurationPlatforms) = postSolution
		{934AA89B-E11C-424F-82E0-68C1BF526C99}.Debug|Any CPU.ActiveCfg = Debug|Any CPU
		{934AA89B-E11C-424F-82E0-68C1BF526C99}.Debug|Any CPU.Build.0 = Debug|Any CPU
		{934AA89B-E11C-424F-82E0-68C1BF526C99}.Release|Any CPU.ActiveCfg = Release|Any CPU
		{934AA89B-E11C-424F-82E0-68C1BF526C99}.Release|Any CPU.Build.0 = Release|Any CPU
		{B0890AA1-D92A-448F-95AA-24B630FA31E4}.Debug|Any CPU.ActiveCfg = Debug|Any CPU
		{B0890AA1-D92A-448F-95AA-24B630FA31E4}.Debug|Any CPU.Build.0 = Debug|Any CPU
		{B0890AA1-D92A-448F-95AA-24B630FA31E4}.Release|Any CPU.ActiveCfg = Release|Any CPU
		{B0890AA1-D92A-448F-95AA-24B630FA31E4}.Release|Any CPU.Build.0 = Release|Any CPU
	EndGlobalSection
	GlobalSection(SolutionProperties) = preSolution
		HideSolutionNode = FALSE
	EndGlobalSection
	GlobalSection(ExtensibilityGlobals) = postSolution
		SolutionGuid = {EAF88764-55A9-48AE-B8EC-C2040E9265A5}
	EndGlobalSection
EndGlobal
